
Microsoft Visual Studio Solution File, Format Version 12.00
# Visual Studio 2013
VisualStudioVersion = 12.0.31101.0
MinimumVisualStudioVersion = 10.0.40219.1
Project("{FAE04EC0-301F-11D3-BF4B-00C04F79EFBC}") = "NCode.ReparsePoints", "NCode.ReparsePoints\NCode.ReparsePoints.csproj", "{BDED1F51-EC0C-48B9-85EA-88CDCB094139}"
EndProject
Project("{FAE04EC0-301F-11D3-BF4B-00C04F79EFBC}") = "NCode.ReparsePoints.Tests", "NCode.ReparsePoints.Tests\NCode.ReparsePoints.Tests.csproj", "{DAD06FCF-2531-4564-98E7-6AD5CF4743D3}"
EndProject
Global
	GlobalSection(SolutionConfigurationPlatforms) = preSolution
		Debug|Any CPU = Debug|Any CPU
		Release|Any CPU = Release|Any CPU
	EndGlobalSection
	GlobalSection(ProjectConfigurationPlatforms) = postSolution
		{BDED1F51-EC0C-48B9-85EA-88CDCB094139}.Debug|Any CPU.ActiveCfg = Debug|Any CPU
		{BDED1F51-EC0C-48B9-85EA-88CDCB094139}.Debug|Any CPU.Build.0 = Debug|Any CPU
		{BDED1F51-EC0C-48B9-85EA-88CDCB094139}.Release|Any CPU.ActiveCfg = Release|Any CPU
		{BDED1F51-EC0C-48B9-85EA-88CDCB094139}.Release|Any CPU.Build.0 = Release|Any CPU
		{DAD06FCF-2531-4564-98E7-6AD5CF4743D3}.Debug|Any CPU.ActiveCfg = Debug|Any CPU
		{DAD06FCF-2531-4564-98E7-6AD5CF4743D3}.Debug|Any CPU.Build.0 = Debug|Any CPU
		{DAD06FCF-2531-4564-98E7-6AD5CF4743D3}.Release|Any CPU.ActiveCfg = Release|Any CPU
		{DAD06FCF-2531-4564-98E7-6AD5CF4743D3}.Release|Any CPU.Build.0 = Release|Any CPU
	EndGlobalSection
	GlobalSection(SolutionProperties) = preSolution
		HideSolutionNode = FALSE
	EndGlobalSection
EndGlobal
